{
  "version": "4",
  "specifiers": {
    "jsr:@dx/reflect@~0.2.14": "0.2.14",
    "jsr:@online/is@0.0": "0.0.2",
    "jsr:@online/is@^0.0.2": "0.0.2",
    "jsr:@online/packager@0.0": "0.0.10",
    "jsr:@online/tinyserializer@0.0": "0.0.16",
    "jsr:@online/tinyserializers@0.0": "0.0.7",
    "jsr:@std/assert@1": "1.0.8",
    "jsr:@std/assert@^1.0.6": "1.0.8",
    "jsr:@std/cli@^1.0.6": "1.0.7",
    "jsr:@std/encoding@^1.0.5": "1.0.5",
    "jsr:@std/fmt@^1.0.3": "1.0.3",
    "jsr:@std/html@^1.0.3": "1.0.3",
    "jsr:@std/http@^1.0.8": "1.0.11",
    "jsr:@std/internal@^1.0.5": "1.0.5",
    "jsr:@std/media-types@^1.1.0": "1.1.0",
    "jsr:@std/net@^1.0.4": "1.0.4",
    "jsr:@std/path@^1.0.8": "1.0.8",
    "jsr:@std/streams@^1.0.8": "1.0.8",
    "jsr:@tinyrpc/sdk-core@0.1": "0.1.17",
    "jsr:@tinyrpc/server@~0.2.3": "0.2.3"
  },
  "jsr": {
    "@dx/reflect@0.2.14": {
      "integrity": "53e1cb54e25170f43d90966679fcd7d6e0d27e23f4f1c869330d339576f446be"
    },
    "@online/is@0.0.2": {
      "integrity": "9f3ca6190c4bef05f444938a3ea7896f316daf0ac58d40203f3f6131b17d371b"
    },
    "@online/packager@0.0.10": {
      "integrity": "45d76179ffd79ed41fb764738e006a8a1e7b11d66a57cc6bee8bc2cc7e9d9a58",
      "dependencies": [
        "jsr:@online/is@0.0",
        "jsr:@online/tinyserializer",
        "jsr:@online/tinyserializers"
      ]
    },
    "@online/tinyserializer@0.0.16": {
      "integrity": "10fe3ef21a0ed96f04ac923d7a54cb1b0d7a98eb891f1bd7a70bcc902b52cdb0",
      "dependencies": [
        "jsr:@online/is@0.0"
      ]
    },
    "@online/tinyserializers@0.0.7": {
      "integrity": "ccee5e19fa6d517607f90c0287023eb8e1910cc98973bb8785f5df2fb918a990",
      "dependencies": [
        "jsr:@online/tinyserializer"
      ]
    },
    "@std/assert@1.0.8": {
      "integrity": "ebe0bd7eb488ee39686f77003992f389a06c3da1bbd8022184804852b2fa641b",
      "dependencies": [
        "jsr:@std/internal"
      ]
    },
    "@std/cli@1.0.7": {
      "integrity": "98359df9df586a69015ba570305183b0cb9e7d53c05ea2016ef9a3e77e82c7cd"
    },
    "@std/encoding@1.0.5": {
      "integrity": "ecf363d4fc25bd85bd915ff6733a7e79b67e0e7806334af15f4645c569fefc04"
    },
    "@std/fmt@1.0.3": {
      "integrity": "97765c16aa32245ff4e2204ecf7d8562496a3cb8592340a80e7e554e0bb9149f"
    },
    "@std/html@1.0.3": {
      "integrity": "7a0ac35e050431fb49d44e61c8b8aac1ebd55937e0dc9ec6409aa4bab39a7988"
    },
    "@std/http@1.0.11": {
      "integrity": "f1928e69e7dcf1664e22d153934cb866bf31e1bbe4bc59f8ac1b4d0e98cb7558",
      "dependencies": [
        "jsr:@std/cli",
        "jsr:@std/encoding",
        "jsr:@std/fmt",
        "jsr:@std/html",
        "jsr:@std/media-types",
        "jsr:@std/net",
        "jsr:@std/path",
        "jsr:@std/streams"
      ]
    },
    "@std/internal@1.0.5": {
      "integrity": "54a546004f769c1ac9e025abd15a76b6671ddc9687e2313b67376125650dc7ba"
    },
    "@std/media-types@1.1.0": {
      "integrity": "c9d093f0c05c3512932b330e3cc1fe1d627b301db33a4c2c2185c02471d6eaa4"
    },
    "@std/net@1.0.4": {
      "integrity": "2f403b455ebbccf83d8a027d29c5a9e3a2452fea39bb2da7f2c04af09c8bc852"
    },
    "@std/path@1.0.8": {
      "integrity": "548fa456bb6a04d3c1a1e7477986b6cffbce95102d0bb447c67c4ee70e0364be"
    },
    "@std/streams@1.0.8": {
      "integrity": "b41332d93d2cf6a82fe4ac2153b930adf1a859392931e2a19d9fabfb6f154fb3"
    },
    "@tinyrpc/sdk-core@0.1.17": {
      "integrity": "d55884f44ec6c932c84b1b830502d5ec67bf6e7a387430375190fd78818bd469",
      "dependencies": [
        "jsr:@online/packager"
      ]
    },
    "@tinyrpc/server@0.2.3": {
      "integrity": "207e8afd0222b262110c435876997a930eb502051e5f9c531d0ada92d262aed8",
      "dependencies": [
        "jsr:@dx/reflect",
        "jsr:@online/is@0.0",
        "jsr:@online/packager",
        "jsr:@online/tinyserializers",
        "jsr:@std/assert@^1.0.6",
        "jsr:@std/http",
        "jsr:@tinyrpc/sdk-core"
      ]
    }
  },
  "workspace": {
    "dependencies": [
      "jsr:@online/is@^0.0.2",
      "jsr:@std/assert@1",
      "jsr:@tinyrpc/server@~0.2.3"
    ]
  }
}
